{
  "pins" : [
    {
      "identity" : "networkhandlerpackage",
      "kind" : "remoteSourceControl",
      "location" : "https://github.com/yeniBabatunde/NetworkHandlerPackage.git",
      "state" : {
        "branch" : "main",
        "revision" : "3c605c86ce208449d04a624129eb004c49c5d059"
      }
    }
  ],
  "version" : 2
}
